
Microsoft Visual Studio Solution File, Format Version 12.00
# Visual Studio 15
VisualStudioVersion = 15.0.28307.1401
MinimumVisualStudioVersion = 10.0.40219.1
Project("{9A19103F-16F7-4668-BE54-9A1E7A4F7556}") = "ConsoleAppCSharp", "ConsoleAppCSharp\ConsoleAppCSharp.csproj", "{B293C86D-95F7-444B-B7E4-3BE0308480A8}"
EndProject
Project("{F2A71F9B-5D33-465A-A702-920D77279786}") = "ClassLibraryFSharp", "ClassLibraryFSharp\ClassLibraryFSharp.fsproj", "{B8F16D23-492A-4E12-AABC-2AAC747ED849}"
EndProject
Global
	GlobalSection(SolutionConfigurationPlatforms) = preSolution
		Debug|Any CPU = Debug|Any CPU
		Release|Any CPU = Release|Any CPU
	EndGlobalSection
	GlobalSection(ProjectConfigurationPlatforms) = postSolution
		{B293C86D-95F7-444B-B7E4-3BE0308480A8}.Debug|Any CPU.ActiveCfg = Debug|Any CPU
		{B293C86D-95F7-444B-B7E4-3BE0308480A8}.Debug|Any CPU.Build.0 = Debug|Any CPU
		{B293C86D-95F7-444B-B7E4-3BE0308480A8}.Release|Any CPU.ActiveCfg = Release|Any CPU
		{B293C86D-95F7-444B-B7E4-3BE0308480A8}.Release|Any CPU.Build.0 = Release|Any CPU
		{B8F16D23-492A-4E12-AABC-2AAC747ED849}.Debug|Any CPU.ActiveCfg = Debug|Any CPU
		{B8F16D23-492A-4E12-AABC-2AAC747ED849}.Debug|Any CPU.Build.0 = Debug|Any CPU
		{B8F16D23-492A-4E12-AABC-2AAC747ED849}.Release|Any CPU.ActiveCfg = Release|Any CPU
		{B8F16D23-492A-4E12-AABC-2AAC747ED849}.Release|Any CPU.Build.0 = Release|Any CPU
	EndGlobalSection
	GlobalSection(SolutionProperties) = preSolution
		HideSolutionNode = FALSE
	EndGlobalSection
	GlobalSection(ExtensibilityGlobals) = postSolution
		SolutionGuid = {F992FA75-9000-4ADA-8650-33AFBD3B5C2E}
	EndGlobalSection
EndGlobal
